
Microsoft Visual Studio Solution File, Format Version 12.00
# Visual Studio 15
VisualStudioVersion = 15.0.28307.106
MinimumVisualStudioVersion = 10.0.40219.1
Project("{9A19103F-16F7-4668-BE54-9A1E7A4F7556}") = "azure-devops-deploy-webapp", "azure-devops-deploy-webapp\azure-devops-deploy-webapp.csproj", "{F93C4AB4-F1CB-4CCF-9FD9-354DD6146BFD}"
EndProject
Project("{9A19103F-16F7-4668-BE54-9A1E7A4F7556}") = "azure-devops-deploy-webapp-api", "azure-devops-deploy-webapp-api\azure-devops-deploy-webapp-api.csproj", "{D61FF384-DB10-4E19-BCB7-0A0491A68572}"
EndProject
Project("{FAE04EC0-301F-11D3-BF4B-00C04F79EFBC}") = "azure-devops-deploy-webapp-test", "azure-devops-deploy-webapp-test\azure-devops-deploy-webapp-test.csproj", "{A4859908-A2C0-4F60-AC4F-151789B75059}"
EndProject
Global
	GlobalSection(SolutionConfigurationPlatforms) = preSolution
		Debug|Any CPU = Debug|Any CPU
		Release|Any CPU = Release|Any CPU
	EndGlobalSection
	GlobalSection(ProjectConfigurationPlatforms) = postSolution
		{F93C4AB4-F1CB-4CCF-9FD9-354DD6146BFD}.Debug|Any CPU.ActiveCfg = Debug|Any CPU
		{F93C4AB4-F1CB-4CCF-9FD9-354DD6146BFD}.Debug|Any CPU.Build.0 = Debug|Any CPU
		{F93C4AB4-F1CB-4CCF-9FD9-354DD6146BFD}.Release|Any CPU.ActiveCfg = Release|Any CPU
		{F93C4AB4-F1CB-4CCF-9FD9-354DD6146BFD}.Release|Any CPU.Build.0 = Release|Any CPU
		{D61FF384-DB10-4E19-BCB7-0A0491A68572}.Debug|Any CPU.ActiveCfg = Debug|Any CPU
		{D61FF384-DB10-4E19-BCB7-0A0491A68572}.Debug|Any CPU.Build.0 = Debug|Any CPU
		{D61FF384-DB10-4E19-BCB7-0A0491A68572}.Release|Any CPU.ActiveCfg = Release|Any CPU
		{D61FF384-DB10-4E19-BCB7-0A0491A68572}.Release|Any CPU.Build.0 = Release|Any CPU
		{A4859908-A2C0-4F60-AC4F-151789B75059}.Debug|Any CPU.ActiveCfg = Debug|Any CPU
		{A4859908-A2C0-4F60-AC4F-151789B75059}.Debug|Any CPU.Build.0 = Debug|Any CPU
		{A4859908-A2C0-4F60-AC4F-151789B75059}.Release|Any CPU.ActiveCfg = Release|Any CPU
		{A4859908-A2C0-4F60-AC4F-151789B75059}.Release|Any CPU.Build.0 = Release|Any CPU
	EndGlobalSection
	GlobalSection(SolutionProperties) = preSolution
		HideSolutionNode = FALSE
	EndGlobalSection
	GlobalSection(ExtensibilityGlobals) = postSolution
		SolutionGuid = {F8872266-F263-43F3-B0FA-C1EDA11DEFA6}
	EndGlobalSection
EndGlobal
